PODS:
  - AFNetworking (4.0.1):
    - AFNetworking/NSURLSession (= 4.0.1)
    - AFNetworking/Reachability (= 4.0.1)
    - AFNetworking/Security (= 4.0.1)
    - AFNetworking/Serialization (= 4.0.1)
    - AFNetworking/UIKit (= 4.0.1)
  - AFNetworking/NSURLSession (4.0.1):
    - AFNetworking/Reachability
    - AFNetworking/Security
    - AFNetworking/Serialization
  - AFNetworking/Reachability (4.0.1)
  - AFNetworking/Security (4.0.1)
  - AFNetworking/Serialization (4.0.1)
  - AFNetworking/UIKit (4.0.1):
    - AFNetworking/NSURLSession
  - cocoapodsshared (1.0-SNAPSHOT):
    - AFNetworking (~> 4.0)

DEPENDENCIES:
  - AFNetworking (~> 4.0)
  - cocoapodsshared (from `../cocoapodsshared`)

SPEC REPOS:
  trunk:
    - AFNetworking

EXTERNAL SOURCES:
  cocoapodsshared:
    :path: "../cocoapodsshared"

SPEC CHECKSUMS:
  AFNetworking: 7864c38297c79aaca1500c33288e429c3451fdce
  cocoapodsshared: 248f6856ebad9506cec720695f117e08a1ceafc0

PODFILE CHECKSUM: 77072d7aa0e8f616021d79af5b94bbc2370d7317

COCOAPODS: 1.10.1
