PODS:
  - cocoapodsshared (1.0-SNAPSHOT)

DEPENDENCIES:
  - cocoapodsshared (from `../cocoapodsshared`)

EXTERNAL SOURCES:
  cocoapodsshared:
    :path: "../cocoapodsshared"

SPEC CHECKSUMS:
  cocoapodsshared: 3583b3dec3a79c96cd5e8ad1cb89a19280f0a92b

PODFILE CHECKSUM: 27ce7bf30a01153d10a8b039b0785c4f852873d6

COCOAPODS: 1.10.1
